
Microsoft Visual Studio Solution File, Format Version 12.00
# Visual Studio Version 17
VisualStudioVersion = 17.7.34009.444
MinimumVisualStudioVersion = 10.0.40219.1
Project("{9A19103F-16F7-4668-BE54-9A1E7A4F7556}") = "Forum.Api", "Forum.Api\Forum.Api.csproj", "{3D7778F6-2E48-4A29-9EF7-8454D87CF327}"
EndProject
Project("{2150E333-8FDC-42A3-9474-1A3956D46DE8}") = "src", "src", "{734310C6-CFE3-4190-AFBD-56DEBCEFF8FB}"
EndProject
Project("{2150E333-8FDC-42A3-9474-1A3956D46DE8}") = "presentation", "presentation", "{F53BDABF-3BC2-4388-A973-154DC25F6D4D}"
EndProject
Project("{2150E333-8FDC-42A3-9474-1A3956D46DE8}") = "core", "core", "{68C254C0-33E8-4143-BB3A-F6349FB107C2}"
EndProject
Project("{9A19103F-16F7-4668-BE54-9A1E7A4F7556}") = "Forum.Application", "Forum.Application\Forum.Application.csproj", "{A74AE78C-EB0F-4C24-A62A-3954C242E6A3}"
EndProject
Project("{9A19103F-16F7-4668-BE54-9A1E7A4F7556}") = "Forum.Domain", "Forum.Domain\Forum.Domain.csproj", "{AC27B1AF-4FEC-4598-9904-61A94A808797}"
EndProject
Project("{2150E333-8FDC-42A3-9474-1A3956D46DE8}") = "infrastructure", "infrastructure", "{AB77648B-01EF-46BB-8148-9F45C292F6FA}"
EndProject
Project("{9A19103F-16F7-4668-BE54-9A1E7A4F7556}") = "Forum.Infrastructure", "Forum.Infrastructure\Forum.Infrastructure.csproj", "{B5A40357-ADBE-4712-9D6C-984C1B69C9ED}"
EndProject
Project("{9A19103F-16F7-4668-BE54-9A1E7A4F7556}") = "Forum.Persistence", "Forum.Persistence\Forum.Persistence.csproj", "{FB4A33C0-8DE2-4A6C-BC88-E1D91BBD524E}"
EndProject
Project("{2150E333-8FDC-42A3-9474-1A3956D46DE8}") = "Test", "Test", "{ABB1CE13-7D23-4892-8281-101898D007D3}"
EndProject
Project("{9A19103F-16F7-4668-BE54-9A1E7A4F7556}") = "Forum.Application.Tests", "Forum.Application.Tests\Forum.Application.Tests.csproj", "{DC2809E8-2134-40B4-AC71-A0D636CA8373}"
EndProject
Project("{9A19103F-16F7-4668-BE54-9A1E7A4F7556}") = "Forum.Web", "Forum.Web\Forum.Web.csproj", "{DB1BE7EC-2534-439B-9AB0-1DF6C5134CA2}"
EndProject
Project("{9A19103F-16F7-4668-BE54-9A1E7A4F7556}") = "Forum.BackgroundWorker", "Forum.BackgroundWorker\Forum.BackgroundWorker.csproj", "{B1EB62F1-9EDB-477F-9643-999F78F469FF}"
EndProject
Project("{FAE04EC0-301F-11D3-BF4B-00C04F79EFBC}") = "Forum.api.tests", "Forum.api.tests\Forum.api.tests.csproj", "{693337DD-B625-4D1D-BD43-DB2C51EB6B8D}"
EndProject
Global
	GlobalSection(SolutionConfigurationPlatforms) = preSolution
		Debug|Any CPU = Debug|Any CPU
		Release|Any CPU = Release|Any CPU
	EndGlobalSection
	GlobalSection(ProjectConfigurationPlatforms) = postSolution
		{3D7778F6-2E48-4A29-9EF7-8454D87CF327}.Debug|Any CPU.ActiveCfg = Debug|Any CPU
		{3D7778F6-2E48-4A29-9EF7-8454D87CF327}.Debug|Any CPU.Build.0 = Debug|Any CPU
		{3D7778F6-2E48-4A29-9EF7-8454D87CF327}.Release|Any CPU.ActiveCfg = Release|Any CPU
		{3D7778F6-2E48-4A29-9EF7-8454D87CF327}.Release|Any CPU.Build.0 = Release|Any CPU
		{A74AE78C-EB0F-4C24-A62A-3954C242E6A3}.Debug|Any CPU.ActiveCfg = Debug|Any CPU
		{A74AE78C-EB0F-4C24-A62A-3954C242E6A3}.Debug|Any CPU.Build.0 = Debug|Any CPU
		{A74AE78C-EB0F-4C24-A62A-3954C242E6A3}.Release|Any CPU.ActiveCfg = Release|Any CPU
		{A74AE78C-EB0F-4C24-A62A-3954C242E6A3}.Release|Any CPU.Build.0 = Release|Any CPU
		{AC27B1AF-4FEC-4598-9904-61A94A808797}.Debug|Any CPU.ActiveCfg = Debug|Any CPU
		{AC27B1AF-4FEC-4598-9904-61A94A808797}.Debug|Any CPU.Build.0 = Debug|Any CPU
		{AC27B1AF-4FEC-4598-9904-61A94A808797}.Release|Any CPU.ActiveCfg = Release|Any CPU
		{AC27B1AF-4FEC-4598-9904-61A94A808797}.Release|Any CPU.Build.0 = Release|Any CPU
		{B5A40357-ADBE-4712-9D6C-984C1B69C9ED}.Debug|Any CPU.ActiveCfg = Debug|Any CPU
		{B5A40357-ADBE-4712-9D6C-984C1B69C9ED}.Debug|Any CPU.Build.0 = Debug|Any CPU
		{B5A40357-ADBE-4712-9D6C-984C1B69C9ED}.Release|Any CPU.ActiveCfg = Release|Any CPU
		{B5A40357-ADBE-4712-9D6C-984C1B69C9ED}.Release|Any CPU.Build.0 = Release|Any CPU
		{FB4A33C0-8DE2-4A6C-BC88-E1D91BBD524E}.Debug|Any CPU.ActiveCfg = Debug|Any CPU
		{FB4A33C0-8DE2-4A6C-BC88-E1D91BBD524E}.Debug|Any CPU.Build.0 = Debug|Any CPU
		{FB4A33C0-8DE2-4A6C-BC88-E1D91BBD524E}.Release|Any CPU.ActiveCfg = Release|Any CPU
		{FB4A33C0-8DE2-4A6C-BC88-E1D91BBD524E}.Release|Any CPU.Build.0 = Release|Any CPU
		{DC2809E8-2134-40B4-AC71-A0D636CA8373}.Debug|Any CPU.ActiveCfg = Debug|Any CPU
		{DC2809E8-2134-40B4-AC71-A0D636CA8373}.Debug|Any CPU.Build.0 = Debug|Any CPU
		{DC2809E8-2134-40B4-AC71-A0D636CA8373}.Release|Any CPU.ActiveCfg = Release|Any CPU
		{DC2809E8-2134-40B4-AC71-A0D636CA8373}.Release|Any CPU.Build.0 = Release|Any CPU
		{DB1BE7EC-2534-439B-9AB0-1DF6C5134CA2}.Debug|Any CPU.ActiveCfg = Debug|Any CPU
		{DB1BE7EC-2534-439B-9AB0-1DF6C5134CA2}.Debug|Any CPU.Build.0 = Debug|Any CPU
		{DB1BE7EC-2534-439B-9AB0-1DF6C5134CA2}.Release|Any CPU.ActiveCfg = Release|Any CPU
		{DB1BE7EC-2534-439B-9AB0-1DF6C5134CA2}.Release|Any CPU.Build.0 = Release|Any CPU
		{B1EB62F1-9EDB-477F-9643-999F78F469FF}.Debug|Any CPU.ActiveCfg = Debug|Any CPU
		{B1EB62F1-9EDB-477F-9643-999F78F469FF}.Debug|Any CPU.Build.0 = Debug|Any CPU
		{B1EB62F1-9EDB-477F-9643-999F78F469FF}.Release|Any CPU.ActiveCfg = Release|Any CPU
		{B1EB62F1-9EDB-477F-9643-999F78F469FF}.Release|Any CPU.Build.0 = Release|Any CPU
		{693337DD-B625-4D1D-BD43-DB2C51EB6B8D}.Debug|Any CPU.ActiveCfg = Debug|Any CPU
		{693337DD-B625-4D1D-BD43-DB2C51EB6B8D}.Debug|Any CPU.Build.0 = Debug|Any CPU
		{693337DD-B625-4D1D-BD43-DB2C51EB6B8D}.Release|Any CPU.ActiveCfg = Release|Any CPU
		{693337DD-B625-4D1D-BD43-DB2C51EB6B8D}.Release|Any CPU.Build.0 = Release|Any CPU
	EndGlobalSection
	GlobalSection(SolutionProperties) = preSolution
		HideSolutionNode = FALSE
	EndGlobalSection
	GlobalSection(NestedProjects) = preSolution
		{3D7778F6-2E48-4A29-9EF7-8454D87CF327} = {F53BDABF-3BC2-4388-A973-154DC25F6D4D}
		{F53BDABF-3BC2-4388-A973-154DC25F6D4D} = {734310C6-CFE3-4190-AFBD-56DEBCEFF8FB}
		{68C254C0-33E8-4143-BB3A-F6349FB107C2} = {734310C6-CFE3-4190-AFBD-56DEBCEFF8FB}
		{A74AE78C-EB0F-4C24-A62A-3954C242E6A3} = {68C254C0-33E8-4143-BB3A-F6349FB107C2}
		{AC27B1AF-4FEC-4598-9904-61A94A808797} = {68C254C0-33E8-4143-BB3A-F6349FB107C2}
		{AB77648B-01EF-46BB-8148-9F45C292F6FA} = {734310C6-CFE3-4190-AFBD-56DEBCEFF8FB}
		{B5A40357-ADBE-4712-9D6C-984C1B69C9ED} = {AB77648B-01EF-46BB-8148-9F45C292F6FA}
		{FB4A33C0-8DE2-4A6C-BC88-E1D91BBD524E} = {AB77648B-01EF-46BB-8148-9F45C292F6FA}
		{ABB1CE13-7D23-4892-8281-101898D007D3} = {734310C6-CFE3-4190-AFBD-56DEBCEFF8FB}
		{DC2809E8-2134-40B4-AC71-A0D636CA8373} = {ABB1CE13-7D23-4892-8281-101898D007D3}
		{DB1BE7EC-2534-439B-9AB0-1DF6C5134CA2} = {F53BDABF-3BC2-4388-A973-154DC25F6D4D}
		{B1EB62F1-9EDB-477F-9643-999F78F469FF} = {AB77648B-01EF-46BB-8148-9F45C292F6FA}
		{693337DD-B625-4D1D-BD43-DB2C51EB6B8D} = {ABB1CE13-7D23-4892-8281-101898D007D3}
	EndGlobalSection
	GlobalSection(ExtensibilityGlobals) = postSolution
		SolutionGuid = {19D30C76-13C5-44C4-A6D7-2301E3BC1147}
	EndGlobalSection
EndGlobal
